
Microsoft Visual Studio Solution File, Format Version 12.00
# Visual Studio Version 16
VisualStudioVersion = 16.0.31229.75
MinimumVisualStudioVersion = 10.0.40219.1
Project("{FAE04EC0-301F-11D3-BF4B-00C04F79EFBC}") = "ReproduzirTexto", "ReproduzirTexto.csproj", "{2C03435C-5433-44BD-8CDB-1425028DDDFC}"
EndProject
Global
	GlobalSection(SolutionConfigurationPlatforms) = preSolution
		Debug|Any CPU = Debug|Any CPU
		Release|Any CPU = Release|Any CPU
	EndGlobalSection
	GlobalSection(ProjectConfigurationPlatforms) = postSolution
		{2C03435C-5433-44BD-8CDB-1425028DDDFC}.Debug|Any CPU.ActiveCfg = Debug|Any CPU
		{2C03435C-5433-44BD-8CDB-1425028DDDFC}.Debug|Any CPU.Build.0 = Debug|Any CPU
		{2C03435C-5433-44BD-8CDB-1425028DDDFC}.Release|Any CPU.ActiveCfg = Release|Any CPU
		{2C03435C-5433-44BD-8CDB-1425028DDDFC}.Release|Any CPU.Build.0 = Release|Any CPU
	EndGlobalSection
	GlobalSection(SolutionProperties) = preSolution
		HideSolutionNode = FALSE
	EndGlobalSection
	GlobalSection(ExtensibilityGlobals) = postSolution
		SolutionGuid = {A00BBA31-C217-40C4-9E08-BF4A9447FEA5}
	EndGlobalSection
EndGlobal
